version = 1
revision = 3
requires-python = ">=3.9"

[[package]]
name = "nepalikit"
version = "1.1.0"
source = { editable = "." }
dependencies = [
    { name = "sentencepiece" },
]

[package.metadata]
requires-dist = [{ name = "sentencepiece", specifier = "==0.2.0" }]

[[package]]
name = "sentencepiece"
version = "0.2.0"
source = { registry = "https://pypi.org/simple" }
sdist = { url = "https://files.pythonhosted.org/packages/c9/d2/b9c7ca067c26d8ff085d252c89b5f69609ca93fb85a00ede95f4857865d4/sentencepiece-0.2.0.tar.gz", hash = "sha256:a52c19171daaf2e697dc6cbe67684e0fa341b1248966f6aebb541de654d15843", size = 2632106, upload-time = "2024-02-19T17:06:47.428Z" }
wheels = [
    { url = "https://files.pythonhosted.org/packages/f6/71/98648c3b64b23edb5403f74bcc906ad21766872a6e1ada26ea3f1eb941ab/sentencepiece-0.2.0-cp310-cp310-macosx_10_9_universal2.whl", hash = "sha256:188779e1298a1c8b8253c7d3ad729cb0a9891e5cef5e5d07ce4592c54869e227", size = 2408979, upload-time = "2024-02-19T17:05:34.651Z" },
    { url = "https://files.pythonhosted.org/packages/77/9f/7efbaa6d4c0c718a9affbecc536b03ca62f99f421bdffb531c16030e2d2b/sentencepiece-0.2.0-cp310-cp310-macosx_10_9_x86_64.whl", hash = "sha256:bed9cf85b296fa2b76fc2547b9cbb691a523864cebaee86304c43a7b4cb1b452", size = 1238845, upload-time = "2024-02-19T17:05:37.371Z" },
    { url = "https://files.pythonhosted.org/packages/1c/e4/c2541027a43ec6962ba9b601805d17ba3f86b38bdeae0e8ac65a2981e248/sentencepiece-0.2.0-cp310-cp310-macosx_11_0_arm64.whl", hash = "sha256:d7b67e724bead13f18db6e1d10b6bbdc454af574d70efbb36f27d90387be1ca3", size = 1181472, upload-time = "2024-02-19T17:05:39.775Z" },
    { url = "https://files.pythonhosted.org/packages/fd/46/316c1ba6c52b97de76aff7b9da678f7afbb52136afb2987c474d95630e65/sentencepiece-0.2.0-cp310-cp310-manylinux_2_17_aarch64.manylinux2014_aarch64.whl", hash = "sha256:2fde4b08cfe237be4484c6c7c2e2c75fb862cfeab6bd5449ce4caeafd97b767a", size = 1259151, upload-time = "2024-02-19T17:05:42.594Z" },
    { url = "https://files.pythonhosted.org/packages/aa/5a/3c48738a0835d76dd06c62b6ac48d39c923cde78dd0f587353bdcbb99851/sentencepiece-0.2.0-cp310-cp310-manylinux_2_17_i686.manylinux2014_i686.whl", hash = "sha256:4c378492056202d1c48a4979650981635fd97875a00eabb1f00c6a236b013b5e", size = 1355931, upload-time = "2024-02-19T17:05:44.695Z" },
    { url = "https://files.pythonhosted.org/packages/a6/27/33019685023221ca8ed98e8ceb7ae5e166032686fa3662c68f1f1edf334e/sentencepiece-0.2.0-cp310-cp310-manylinux_2_17_x86_64.manylinux2014_x86_64.whl", hash = "sha256:1380ce6540a368de2ef6d7e6ba14ba8f3258df650d39ba7d833b79ee68a52040", size = 1301537, upload-time = "2024-02-19T17:05:46.713Z" },
    { url = "https://files.pythonhosted.org/packages/ca/e4/55f97cef14293171fef5f96e96999919ab5b4d1ce95b53547ad653d7e3bf/sentencepiece-0.2.0-cp310-cp310-win32.whl", hash = "sha256:a1151d6a6dd4b43e552394aed0edfe9292820272f0194bd56c7c1660a0c06c3d", size = 936747, upload-time = "2024-02-19T17:05:48.705Z" },
    { url = "https://files.pythonhosted.org/packages/85/f4/4ef1a6e0e9dbd8a60780a91df8b7452ada14cfaa0e17b3b8dfa42cecae18/sentencepiece-0.2.0-cp310-cp310-win_amd64.whl", hash = "sha256:d490142b0521ef22bc1085f061d922a2a6666175bb6b42e588ff95c0db6819b2", size = 991525, upload-time = "2024-02-19T17:05:55.145Z" },
    { url = "https://files.pythonhosted.org/packages/32/43/8f8885168a47a02eba1455bd3f4f169f50ad5b8cebd2402d0f5e20854d04/sentencepiece-0.2.0-cp311-cp311-macosx_10_9_universal2.whl", hash = "sha256:17982700c4f6dbb55fa3594f3d7e5dd1c8659a274af3738e33c987d2a27c9d5c", size = 2409036, upload-time = "2024-02-19T17:05:58.021Z" },
    { url = "https://files.pythonhosted.org/packages/0f/35/e63ba28062af0a3d688a9f128e407a1a2608544b2f480cb49bf7f4b1cbb9/sentencepiece-0.2.0-cp311-cp311-macosx_10_9_x86_64.whl", hash = "sha256:7c867012c0e8bcd5bdad0f791609101cb5c66acb303ab3270218d6debc68a65e", size = 1238921, upload-time = "2024-02-19T17:06:06.434Z" },
    { url = "https://files.pythonhosted.org/packages/de/42/ae30952c4a0bd773e90c9bf2579f5533037c886dfc8ec68133d5694f4dd2/sentencepiece-0.2.0-cp311-cp311-macosx_11_0_arm64.whl", hash = "sha256:7fd6071249c74f779c5b27183295b9202f8dedb68034e716784364443879eaa6", size = 1181477, upload-time = "2024-02-19T17:06:09.292Z" },
    { url = "https://files.pythonhosted.org/packages/e3/ac/2f2ab1d60bb2d795d054eebe5e3f24b164bc21b5a9b75fba7968b3b91b5a/sentencepiece-0.2.0-cp311-cp311-manylinux_2_17_aarch64.manylinux2014_aarch64.whl", hash = "sha256:27f90c55a65013cbb8f4d7aab0599bf925cde4adc67ae43a0d323677b5a1c6cb", size = 1259182, upload-time = "2024-02-19T17:06:16.459Z" },
    { url = "https://files.pythonhosted.org/packages/45/fb/14633c6ecf262c468759ffcdb55c3a7ee38fe4eda6a70d75ee7c7d63c58b/sentencepiece-0.2.0-cp311-cp311-manylinux_2_17_i686.manylinux2014_i686.whl", hash = "sha256:b293734059ef656dcd65be62ff771507bea8fed0a711b6733976e1ed3add4553", size = 1355537, upload-time = "2024-02-19T17:06:19.274Z" },
    { url = "https://files.pythonhosted.org/packages/fb/12/2f5c8d4764b00033cf1c935b702d3bb878d10be9f0b87f0253495832d85f/sentencepiece-0.2.0-cp311-cp311-manylinux_2_17_x86_64.manylinux2014_x86_64.whl", hash = "sha256:e58b47f933aca74c6a60a79dcb21d5b9e47416256c795c2d58d55cec27f9551d", size = 1301464, upload-time = "2024-02-19T17:06:21.796Z" },
    { url = "https://files.pythonhosted.org/packages/4e/b1/67afc0bde24f6dcb3acdea0dd8dcdf4b8b0db240f6bacd39378bd32d09f8/sentencepiece-0.2.0-cp311-cp311-win32.whl", hash = "sha256:c581258cf346b327c62c4f1cebd32691826306f6a41d8c4bec43b010dee08e75", size = 936749, upload-time = "2024-02-19T17:06:24.167Z" },
    { url = "https://files.pythonhosted.org/packages/a2/f6/587c62fd21fc988555b85351f50bbde43a51524caafd63bc69240ded14fd/sentencepiece-0.2.0-cp311-cp311-win_amd64.whl", hash = "sha256:0993dbc665f4113017892f1b87c3904a44d0640eda510abcacdfb07f74286d36", size = 991520, upload-time = "2024-02-19T17:06:26.936Z" },
    { url = "https://files.pythonhosted.org/packages/27/5a/141b227ed54293360a9ffbb7bf8252b4e5efc0400cdeac5809340e5d2b21/sentencepiece-0.2.0-cp312-cp312-macosx_10_9_universal2.whl", hash = "sha256:ea5f536e32ea8ec96086ee00d7a4a131ce583a1b18d130711707c10e69601cb2", size = 2409370, upload-time = "2024-02-19T17:06:29.315Z" },
    { url = "https://files.pythonhosted.org/packages/2e/08/a4c135ad6fc2ce26798d14ab72790d66e813efc9589fd30a5316a88ca8d5/sentencepiece-0.2.0-cp312-cp312-macosx_10_9_x86_64.whl", hash = "sha256:d0cb51f53b6aae3c36bafe41e86167c71af8370a039f542c43b0cce5ef24a68c", size = 1239288, upload-time = "2024-02-19T17:06:31.674Z" },
    { url = "https://files.pythonhosted.org/packages/49/0a/2fe387f825ac5aad5a0bfe221904882106cac58e1b693ba7818785a882b6/sentencepiece-0.2.0-cp312-cp312-macosx_11_0_arm64.whl", hash = "sha256:3212121805afc58d8b00ab4e7dd1f8f76c203ddb9dc94aa4079618a31cf5da0f", size = 1181597, upload-time = "2024-02-19T17:06:33.763Z" },
    { url = "https://files.pythonhosted.org/packages/cc/38/e4698ee2293fe4835dc033c49796a39b3eebd8752098f6bd0aa53a14af1f/sentencepiece-0.2.0-cp312-cp312-manylinux_2_17_aarch64.manylinux2014_aarch64.whl", hash = "sha256:2a3149e3066c2a75e0d68a43eb632d7ae728c7925b517f4c05c40f6f7280ce08", size = 1259220, upload-time = "2024-02-19T17:06:35.85Z" },
    { url = "https://files.pythonhosted.org/packages/12/24/fd7ef967c9dad2f6e6e5386d0cadaf65cda8b7be6e3861a9ab3121035139/sentencepiece-0.2.0-cp312-cp312-manylinux_2_17_i686.manylinux2014_i686.whl", hash = "sha256:632f3594d3e7ac8b367bca204cb3fd05a01d5b21455acd097ea4c0e30e2f63d7", size = 1355962, upload-time = "2024-02-19T17:06:38.616Z" },
    { url = "https://files.pythonhosted.org/packages/4f/d2/18246f43ca730bb81918f87b7e886531eda32d835811ad9f4657c54eee35/sentencepiece-0.2.0-cp312-cp312-manylinux_2_17_x86_64.manylinux2014_x86_64.whl", hash = "sha256:f295105c6bdbb05bd5e1b0cafbd78ff95036f5d3641e7949455a3f4e5e7c3109", size = 1301706, upload-time = "2024-02-19T17:06:40.712Z" },
    { url = "https://files.pythonhosted.org/packages/8a/47/ca237b562f420044ab56ddb4c278672f7e8c866e183730a20e413b38a989/sentencepiece-0.2.0-cp312-cp312-win32.whl", hash = "sha256:fb89f811e5efd18bab141afc3fea3de141c3f69f3fe9e898f710ae7fe3aab251", size = 936941, upload-time = "2024-02-19T17:06:42.802Z" },
    { url = "https://files.pythonhosted.org/packages/c6/97/d159c32642306ee2b70732077632895438867b3b6df282354bd550cf2a67/sentencepiece-0.2.0-cp312-cp312-win_amd64.whl", hash = "sha256:7a673a72aab81fef5ebe755c6e0cc60087d1f3a4700835d40537183c1703a45f", size = 991994, upload-time = "2024-02-19T17:06:45.01Z" },
    { url = "https://files.pythonhosted.org/packages/e9/18/eb620d94d63f62ca69cecccf4459529864ac3fbb35ec123190bd58dadb46/sentencepiece-0.2.0-cp39-cp39-macosx_10_9_universal2.whl", hash = "sha256:1e0f9c4d0a6b0af59b613175f019916e28ade076e21242fd5be24340d8a2f64a", size = 2409003, upload-time = "2024-02-19T17:05:02.854Z" },
    { url = "https://files.pythonhosted.org/packages/6e/a6/df28bc0b6a2a86416232c0a5f0d69a9cb7244bb95cb5dcdfcbf01cced8a6/sentencepiece-0.2.0-cp39-cp39-macosx_10_9_x86_64.whl", hash = "sha256:298f21cc1366eb60311aedba3169d30f885c363ddbf44214b0a587d2908141ad", size = 1238898, upload-time = "2024-02-19T17:05:05.432Z" },
    { url = "https://files.pythonhosted.org/packages/79/91/b54a528e0789cd7986341ed3909bec56365c3b672daef8b10aa4098238f0/sentencepiece-0.2.0-cp39-cp39-macosx_11_0_arm64.whl", hash = "sha256:3f1ec95aa1e5dab11f37ac7eff190493fd87770f7a8b81ebc9dd768d1a3c8704", size = 1181534, upload-time = "2024-02-19T17:05:07.836Z" },
    { url = "https://files.pythonhosted.org/packages/a3/69/e96ef68261fa5b82379fdedb325ceaf1d353c6e839ec346d8244e0da5f2f/sentencepiece-0.2.0-cp39-cp39-manylinux_2_17_aarch64.manylinux2014_aarch64.whl", hash = "sha256:7b06b70af54daa4b4904cbb90b4eb6d35c9f3252fdc86c9c32d5afd4d30118d8", size = 1259161, upload-time = "2024-02-19T17:05:13.98Z" },
    { url = "https://files.pythonhosted.org/packages/45/de/461d15856c29ba1ce778cf76e0462572661f647abc8a5373690c52e98a00/sentencepiece-0.2.0-cp39-cp39-manylinux_2_17_i686.manylinux2014_i686.whl", hash = "sha256:22e37bac44dd6603388cb598c64ff7a76e41ca774646f21c23aadfbf5a2228ab", size = 1355945, upload-time = "2024-02-19T17:05:17.406Z" },
    { url = "https://files.pythonhosted.org/packages/5f/01/c95e42eb86282b2c79305d3e0b0ca5a743f85a61262bb7130999c70b9374/sentencepiece-0.2.0-cp39-cp39-manylinux_2_17_x86_64.manylinux2014_x86_64.whl", hash = "sha256:0461324897735512a32d222e3d886e24ad6a499761952b6bda2a9ee6e4313ea5", size = 1301596, upload-time = "2024-02-19T17:05:24.289Z" },
    { url = "https://files.pythonhosted.org/packages/be/47/e16f368fe6327e873e8029aa539115025e9f61a4e8ca8f0f8eaf8e6a4c1c/sentencepiece-0.2.0-cp39-cp39-win32.whl", hash = "sha256:38aed822fb76435fa1f12185f10465a94ab9e51d5e8a9159e9a540ce926f0ffd", size = 936757, upload-time = "2024-02-19T17:05:26.395Z" },
    { url = "https://files.pythonhosted.org/packages/4b/36/497e6407700efd6b97f81bc160913a70d33b9b09227429f68fc86f387bbe/sentencepiece-0.2.0-cp39-cp39-win_amd64.whl", hash = "sha256:d8cf876516548b5a1d6ac4745d8b554f5c07891d55da557925e5c13ff0b4e6ad", size = 991541, upload-time = "2024-02-19T17:05:28.722Z" },
]
